<?xml version="1.0" encoding="utf-8"?>
<Project xmlns="http://schemas.microsoft.com/developer/msbuild/2003">
  <PropertyGroup>
    <ProjectGuid>{7C2B08B8-9B52-4A3D-9D2A-7F4E8B4C2A11}</ProjectGuid>
    <ProjectVersion>19.0</ProjectVersion>
    <MainSource>DelphiMcpDebuggerR.dpk</MainSource>
    <Base>True</Base>
    <Config Condition=" '$(Config)' == '' ">Release</Config>
    <Platform Condition=" '$(Platform)' == '' ">Win32</Platform>
    <TargetedPlatforms>1</TargetedPlatforms>
    <AppType>Package</AppType>
    <DesignOnlyPackage>false</DesignOnlyPackage>
    <RuntimeOnlyPackage>true</RuntimeOnlyPackage>
  </PropertyGroup>
  <PropertyGroup Condition="'$(Config)'=='Debug'">
    <DCC_DebugInformation>True</DCC_DebugInformation>
    <DCC_Optimize>False</DCC_Optimize>
    <DCC_Define>DEBUG;$(DCC_Define)</DCC_Define>
  </PropertyGroup>
  <PropertyGroup Condition="'$(Config)'=='Release'">
    <DCC_DebugInformation>False</DCC_DebugInformation>
    <DCC_Optimize>True</DCC_Optimize>
    <DCC_Define>RELEASE;$(DCC_Define)</DCC_Define>
  </PropertyGroup>
  <ItemGroup>
    <DelphiCompile Include="DelphiMcpDebuggerR.dpk">
      <MainSource>DelphiMcpDebuggerR.dpk</MainSource>
    </DelphiCompile>
    <DCCReference Include="rtl.dcp" />
    <DCCReference Include="IndyCore.dcp" />
    <DCCReference Include="IndySystem.dcp" />
    <DCCReference Include="IndyProtocols.dcp" />
    <DCCReference Include="uJsonRpcServer.pas" />
  </ItemGroup>
  <Import Project="$(BDS)\Bin\CodeGear.Delphi.Targets" />
</Project>