<?xml version="1.0" encoding="utf-8"?>
<Project xmlns="http://schemas.microsoft.com/developer/msbuild/2003">
  <PropertyGroup>
    <ProjectGuid>{8A4A6A9B-6B7B-4F8B-A7A2-3C3A8C2F1E55}</ProjectGuid>
    <ProjectVersion>19.0</ProjectVersion>
    <MainSource>DelphiMcpDebugger.dpk</MainSource>
    <FrameworkType>VCL</FrameworkType>
    <Base>True</Base>
    <Config Condition=" '$(Config)' == '' ">Debug</Config>
    <Platform Condition=" '$(Platform)' == '' ">Win32</Platform>
    <TargetedPlatforms>1</TargetedPlatforms>
    <AppType>Package</AppType>
    <DesignOnlyPackage>true</DesignOnlyPackage>
  </PropertyGroup>
  <PropertyGroup Condition="'$(Config)'=='Debug'">
    <DCC_DebugInformation>True</DCC_DebugInformation>
    <DCC_Optimize>False</DCC_Optimize>
    <DCC_Define>DEBUG;$(DCC_Define)</DCC_Define>
  </PropertyGroup>
  <PropertyGroup Condition="'$(Config)'=='Release'">
    <DCC_DebugInformation>False</DCC_DebugInformation>
    <DCC_Optimize>True</DCC_Optimize>
    <DCC_Define>RELEASE;$(DCC_Define)</DCC_Define>
  </PropertyGroup>
  <ItemGroup>
    <DelphiCompile Include="DelphiMcpDebugger.dpk">
      <MainSource>DelphiMcpDebugger.dpk</MainSource>
    </DelphiCompile>
    <DCCReference Include="rtl.dcp" />
    <DCCReference Include="vcl.dcp" />
    <DCCReference Include="vclimg.dcp" />
    <DCCReference Include="vclactnband.dcp" />
    <DCCReference Include="designide.dcp" />
    <DCCReference Include="IndyCore.dcp" />
    <DCCReference Include="IndySystem.dcp" />
    <DCCReference Include="IndyProtocols.dcp" />
    <DCCReference Include="uMcpDebuggerWizard.pas" />
    <DCCReference Include="uJsonRpcServer.pas" />
  </ItemGroup>
  <Import Project="$(BDS)\Bin\CodeGear.Delphi.Targets" />
</Project>